
Microsoft Visual Studio Solution File, Format Version 12.00
# Visual Studio Version 17
VisualStudioVersion = 17.1.32228.430
MinimumVisualStudioVersion = 10.0.40219.1
Project("{9A19103F-16F7-4668-BE54-9A1E7A4F7556}") = "Dna", "Dna\Dna.csproj", "{27764F9E-FD92-4C25-8A67-C76389BF0837}"
EndProject
Project("{9A19103F-16F7-4668-BE54-9A1E7A4F7556}") = "Dna.ControlFlow", "Dna.ControlFlow\Dna.ControlFlow.csproj", "{0A69F908-3D88-4D0E-9F19-C35C14685CD8}"
EndProject
Project("{9A19103F-16F7-4668-BE54-9A1E7A4F7556}") = "TritonTranslator", "TritonTranslator\TritonTranslator\TritonTranslator.csproj", "{F2084D58-2087-4CB8-86CC-1112E98B7FF5}"
EndProject
Project("{9A19103F-16F7-4668-BE54-9A1E7A4F7556}") = "Dna.Example", "Dna.Example\Dna.Example.csproj", "{C440355F-89E8-4D12-A6FF-48F377A3FEF3}"
EndProject
Project("{9A19103F-16F7-4668-BE54-9A1E7A4F7556}") = "Dna.Tests", "Dna.Tests\Dna.Tests.csproj", "{230F5322-2ECA-49F5-904C-D7D7B8E48935}"
EndProject
Project("{9A19103F-16F7-4668-BE54-9A1E7A4F7556}") = "Dna.Synthesis", "Dna.Synthesis\Dna.Synthesis.csproj", "{609DED32-46DB-42F3-99D8-AE73A64FD92E}"
EndProject
Project("{9A19103F-16F7-4668-BE54-9A1E7A4F7556}") = "Dna.DataStructures", "Dna.DataStructures\Dna.DataStructures.csproj", "{9007DD90-82F1-4950-8009-EF413D44917B}"
EndProject
Project("{9A19103F-16F7-4668-BE54-9A1E7A4F7556}") = "Dna.Decompiler", "Dna.Decompiler\Dna.Decompiler.csproj", "{27019130-162B-4122-99EA-491A1BFE07AE}"
EndProject
Project("{9A19103F-16F7-4668-BE54-9A1E7A4F7556}") = "Unicorn.Net", "unicorn-net\src\Unicorn.Net\Unicorn.Net.csproj", "{47D397E7-098D-4058-9B19-DC01124ED897}"
EndProject
Project("{2150E333-8FDC-42A3-9474-1A3956D46DE8}") = "Solution Items", "Solution Items", "{09C09202-899C-4F09-9884-93AAAD5CF6A5}"
	ProjectSection(SolutionItems) = preProject
		.editorconfig = .editorconfig
	EndProjectSection
EndProject
Project("{8BC9CEB8-8B4A-11D0-8D11-00A0C91BC942}") = "Dna.LLVMInterop", "Dna.LLVMInterop\Dna.LLVMInterop.vcxproj", "{E6A58095-9B8B-4830-BFEA-2947C4F2681A}"
EndProject
Global
	GlobalSection(SolutionConfigurationPlatforms) = preSolution
		Debug|Any CPU = Debug|Any CPU
		Debug|x64 = Debug|x64
		Debug|x86 = Debug|x86
		MinSizeRel|Any CPU = MinSizeRel|Any CPU
		MinSizeRel|x64 = MinSizeRel|x64
		MinSizeRel|x86 = MinSizeRel|x86
		Release|Any CPU = Release|Any CPU
		Release|x64 = Release|x64
		Release|x86 = Release|x86
		RelWithDebInfo|Any CPU = RelWithDebInfo|Any CPU
		RelWithDebInfo|x64 = RelWithDebInfo|x64
		RelWithDebInfo|x86 = RelWithDebInfo|x86
	EndGlobalSection
	GlobalSection(ProjectConfigurationPlatforms) = postSolution
		{27764F9E-FD92-4C25-8A67-C76389BF0837}.Debug|Any CPU.ActiveCfg = Debug|x64
		{27764F9E-FD92-4C25-8A67-C76389BF0837}.Debug|Any CPU.Build.0 = Debug|x64
		{27764F9E-FD92-4C25-8A67-C76389BF0837}.Debug|x64.ActiveCfg = Debug|x64
		{27764F9E-FD92-4C25-8A67-C76389BF0837}.Debug|x64.Build.0 = Debug|x64
		{27764F9E-FD92-4C25-8A67-C76389BF0837}.Debug|x86.ActiveCfg = Debug|Any CPU
		{27764F9E-FD92-4C25-8A67-C76389BF0837}.Debug|x86.Build.0 = Debug|Any CPU
		{27764F9E-FD92-4C25-8A67-C76389BF0837}.MinSizeRel|Any CPU.ActiveCfg = Release|Any CPU
		{27764F9E-FD92-4C25-8A67-C76389BF0837}.MinSizeRel|Any CPU.Build.0 = Release|Any CPU
		{27764F9E-FD92-4C25-8A67-C76389BF0837}.MinSizeRel|x64.ActiveCfg = Release|x64
		{27764F9E-FD92-4C25-8A67-C76389BF0837}.MinSizeRel|x64.Build.0 = Release|x64
		{27764F9E-FD92-4C25-8A67-C76389BF0837}.MinSizeRel|x86.ActiveCfg = Release|Any CPU
		{27764F9E-FD92-4C25-8A67-C76389BF0837}.MinSizeRel|x86.Build.0 = Release|Any CPU
		{27764F9E-FD92-4C25-8A67-C76389BF0837}.Release|Any CPU.ActiveCfg = Release|Any CPU
		{27764F9E-FD92-4C25-8A67-C76389BF0837}.Release|Any CPU.Build.0 = Release|Any CPU
		{27764F9E-FD92-4C25-8A67-C76389BF0837}.Release|x64.ActiveCfg = Release|x64
		{27764F9E-FD92-4C25-8A67-C76389BF0837}.Release|x64.Build.0 = Release|x64
		{27764F9E-FD92-4C25-8A67-C76389BF0837}.Release|x86.ActiveCfg = Release|Any CPU
		{27764F9E-FD92-4C25-8A67-C76389BF0837}.Release|x86.Build.0 = Release|Any CPU
		{27764F9E-FD92-4C25-8A67-C76389BF0837}.RelWithDebInfo|Any CPU.ActiveCfg = Release|Any CPU
		{27764F9E-FD92-4C25-8A67-C76389BF0837}.RelWithDebInfo|Any CPU.Build.0 = Release|Any CPU
		{27764F9E-FD92-4C25-8A67-C76389BF0837}.RelWithDebInfo|x64.ActiveCfg = Release|x64
		{27764F9E-FD92-4C25-8A67-C76389BF0837}.RelWithDebInfo|x64.Build.0 = Release|x64
		{27764F9E-FD92-4C25-8A67-C76389BF0837}.RelWithDebInfo|x86.ActiveCfg = Release|Any CPU
		{27764F9E-FD92-4C25-8A67-C76389BF0837}.RelWithDebInfo|x86.Build.0 = Release|Any CPU
		{0A69F908-3D88-4D0E-9F19-C35C14685CD8}.Debug|Any CPU.ActiveCfg = Debug|x64
		{0A69F908-3D88-4D0E-9F19-C35C14685CD8}.Debug|Any CPU.Build.0 = Debug|x64
		{0A69F908-3D88-4D0E-9F19-C35C14685CD8}.Debug|x64.ActiveCfg = Debug|x64
		{0A69F908-3D88-4D0E-9F19-C35C14685CD8}.Debug|x64.Build.0 = Debug|x64
		{0A69F908-3D88-4D0E-9F19-C35C14685CD8}.Debug|x86.ActiveCfg = Debug|Any CPU
		{0A69F908-3D88-4D0E-9F19-C35C14685CD8}.Debug|x86.Build.0 = Debug|Any CPU
		{0A69F908-3D88-4D0E-9F19-C35C14685CD8}.MinSizeRel|Any CPU.ActiveCfg = Release|Any CPU
		{0A69F908-3D88-4D0E-9F19-C35C14685CD8}.MinSizeRel|Any CPU.Build.0 = Release|Any CPU
		{0A69F908-3D88-4D0E-9F19-C35C14685CD8}.MinSizeRel|x64.ActiveCfg = Release|x64
		{0A69F908-3D88-4D0E-9F19-C35C14685CD8}.MinSizeRel|x64.Build.0 = Release|x64
		{0A69F908-3D88-4D0E-9F19-C35C14685CD8}.MinSizeRel|x86.ActiveCfg = Release|Any CPU
		{0A69F908-3D88-4D0E-9F19-C35C14685CD8}.MinSizeRel|x86.Build.0 = Release|Any CPU
		{0A69F908-3D88-4D0E-9F19-C35C14685CD8}.Release|Any CPU.ActiveCfg = Release|Any CPU
		{0A69F908-3D88-4D0E-9F19-C35C14685CD8}.Release|Any CPU.Build.0 = Release|Any CPU
		{0A69F908-3D88-4D0E-9F19-C35C14685CD8}.Release|x64.ActiveCfg = Release|x64
		{0A69F908-3D88-4D0E-9F19-C35C14685CD8}.Release|x64.Build.0 = Release|x64
		{0A69F908-3D88-4D0E-9F19-C35C14685CD8}.Release|x86.ActiveCfg = Release|Any CPU
		{0A69F908-3D88-4D0E-9F19-C35C14685CD8}.Release|x86.Build.0 = Release|Any CPU
		{0A69F908-3D88-4D0E-9F19-C35C14685CD8}.RelWithDebInfo|Any CPU.ActiveCfg = Release|Any CPU
		{0A69F908-3D88-4D0E-9F19-C35C14685CD8}.RelWithDebInfo|Any CPU.Build.0 = Release|Any CPU
		{0A69F908-3D88-4D0E-9F19-C35C14685CD8}.RelWithDebInfo|x64.ActiveCfg = Release|x64
		{0A69F908-3D88-4D0E-9F19-C35C14685CD8}.RelWithDebInfo|x64.Build.0 = Release|x64
		{0A69F908-3D88-4D0E-9F19-C35C14685CD8}.RelWithDebInfo|x86.ActiveCfg = Release|Any CPU
		{0A69F908-3D88-4D0E-9F19-C35C14685CD8}.RelWithDebInfo|x86.Build.0 = Release|Any CPU
		{F2084D58-2087-4CB8-86CC-1112E98B7FF5}.Debug|Any CPU.ActiveCfg = Debug|x64
		{F2084D58-2087-4CB8-86CC-1112E98B7FF5}.Debug|Any CPU.Build.0 = Debug|x64
		{F2084D58-2087-4CB8-86CC-1112E98B7FF5}.Debug|x64.ActiveCfg = Debug|x64
		{F2084D58-2087-4CB8-86CC-1112E98B7FF5}.Debug|x64.Build.0 = Debug|x64
		{F2084D58-2087-4CB8-86CC-1112E98B7FF5}.Debug|x86.ActiveCfg = Debug|Any CPU
		{F2084D58-2087-4CB8-86CC-1112E98B7FF5}.Debug|x86.Build.0 = Debug|Any CPU
		{F2084D58-2087-4CB8-86CC-1112E98B7FF5}.MinSizeRel|Any CPU.ActiveCfg = Release|Any CPU
		{F2084D58-2087-4CB8-86CC-1112E98B7FF5}.MinSizeRel|Any CPU.Build.0 = Release|Any CPU
		{F2084D58-2087-4CB8-86CC-1112E98B7FF5}.MinSizeRel|x64.ActiveCfg = Release|x64
		{F2084D58-2087-4CB8-86CC-1112E98B7FF5}.MinSizeRel|x64.Build.0 = Release|x64
		{F2084D58-2087-4CB8-86CC-1112E98B7FF5}.MinSizeRel|x86.ActiveCfg = Release|Any CPU
		{F2084D58-2087-4CB8-86CC-1112E98B7FF5}.MinSizeRel|x86.Build.0 = Release|Any CPU
		{F2084D58-2087-4CB8-86CC-1112E98B7FF5}.Release|Any CPU.ActiveCfg = Release|Any CPU
		{F2084D58-2087-4CB8-86CC-1112E98B7FF5}.Release|Any CPU.Build.0 = Release|Any CPU
		{F2084D58-2087-4CB8-86CC-1112E98B7FF5}.Release|x64.ActiveCfg = Release|x64
		{F2084D58-2087-4CB8-86CC-1112E98B7FF5}.Release|x64.Build.0 = Release|x64
		{F2084D58-2087-4CB8-86CC-1112E98B7FF5}.Release|x86.ActiveCfg = Release|Any CPU
		{F2084D58-2087-4CB8-86CC-1112E98B7FF5}.Release|x86.Build.0 = Release|Any CPU
		{F2084D58-2087-4CB8-86CC-1112E98B7FF5}.RelWithDebInfo|Any CPU.ActiveCfg = Release|Any CPU
		{F2084D58-2087-4CB8-86CC-1112E98B7FF5}.RelWithDebInfo|Any CPU.Build.0 = Release|Any CPU
		{F2084D58-2087-4CB8-86CC-1112E98B7FF5}.RelWithDebInfo|x64.ActiveCfg = Release|x64
		{F2084D58-2087-4CB8-86CC-1112E98B7FF5}.RelWithDebInfo|x64.Build.0 = Release|x64
		{F2084D58-2087-4CB8-86CC-1112E98B7FF5}.RelWithDebInfo|x86.ActiveCfg = Release|Any CPU
		{F2084D58-2087-4CB8-86CC-1112E98B7FF5}.RelWithDebInfo|x86.Build.0 = Release|Any CPU
		{C440355F-89E8-4D12-A6FF-48F377A3FEF3}.Debug|Any CPU.ActiveCfg = Debug|Any CPU
		{C440355F-89E8-4D12-A6FF-48F377A3FEF3}.Debug|Any CPU.Build.0 = Debug|Any CPU
		{C440355F-89E8-4D12-A6FF-48F377A3FEF3}.Debug|x64.ActiveCfg = Debug|x64
		{C440355F-89E8-4D12-A6FF-48F377A3FEF3}.Debug|x64.Build.0 = Debug|x64
		{C440355F-89E8-4D12-A6FF-48F377A3FEF3}.Debug|x86.ActiveCfg = Debug|Any CPU
		{C440355F-89E8-4D12-A6FF-48F377A3FEF3}.Debug|x86.Build.0 = Debug|Any CPU
		{C440355F-89E8-4D12-A6FF-48F377A3FEF3}.MinSizeRel|Any CPU.ActiveCfg = Release|Any CPU
		{C440355F-89E8-4D12-A6FF-48F377A3FEF3}.MinSizeRel|Any CPU.Build.0 = Release|Any CPU
		{C440355F-89E8-4D12-A6FF-48F377A3FEF3}.MinSizeRel|x64.ActiveCfg = Release|x64
		{C440355F-89E8-4D12-A6FF-48F377A3FEF3}.MinSizeRel|x64.Build.0 = Release|x64
		{C440355F-89E8-4D12-A6FF-48F377A3FEF3}.MinSizeRel|x86.ActiveCfg = Release|Any CPU
		{C440355F-89E8-4D12-A6FF-48F377A3FEF3}.MinSizeRel|x86.Build.0 = Release|Any CPU
		{C440355F-89E8-4D12-A6FF-48F377A3FEF3}.Release|Any CPU.ActiveCfg = Release|Any CPU
		{C440355F-89E8-4D12-A6FF-48F377A3FEF3}.Release|Any CPU.Build.0 = Release|Any CPU
		{C440355F-89E8-4D12-A6FF-48F377A3FEF3}.Release|x64.ActiveCfg = Release|x64
		{C440355F-89E8-4D12-A6FF-48F377A3FEF3}.Release|x64.Build.0 = Release|x64
		{C440355F-89E8-4D12-A6FF-48F377A3FEF3}.Release|x86.ActiveCfg = Release|Any CPU
		{C440355F-89E8-4D12-A6FF-48F377A3FEF3}.Release|x86.Build.0 = Release|Any CPU
		{C440355F-89E8-4D12-A6FF-48F377A3FEF3}.RelWithDebInfo|Any CPU.ActiveCfg = Release|Any CPU
		{C440355F-89E8-4D12-A6FF-48F377A3FEF3}.RelWithDebInfo|Any CPU.Build.0 = Release|Any CPU
		{C440355F-89E8-4D12-A6FF-48F377A3FEF3}.RelWithDebInfo|x64.ActiveCfg = Release|x64
		{C440355F-89E8-4D12-A6FF-48F377A3FEF3}.RelWithDebInfo|x64.Build.0 = Release|x64
		{C440355F-89E8-4D12-A6FF-48F377A3FEF3}.RelWithDebInfo|x86.ActiveCfg = Release|Any CPU
		{C440355F-89E8-4D12-A6FF-48F377A3FEF3}.RelWithDebInfo|x86.Build.0 = Release|Any CPU
		{230F5322-2ECA-49F5-904C-D7D7B8E48935}.Debug|Any CPU.ActiveCfg = Debug|Any CPU
		{230F5322-2ECA-49F5-904C-D7D7B8E48935}.Debug|Any CPU.Build.0 = Debug|Any CPU
		{230F5322-2ECA-49F5-904C-D7D7B8E48935}.Debug|x64.ActiveCfg = Debug|x64
		{230F5322-2ECA-49F5-904C-D7D7B8E48935}.Debug|x64.Build.0 = Debug|x64
		{230F5322-2ECA-49F5-904C-D7D7B8E48935}.Debug|x86.ActiveCfg = Debug|Any CPU
		{230F5322-2ECA-49F5-904C-D7D7B8E48935}.Debug|x86.Build.0 = Debug|Any CPU
		{230F5322-2ECA-49F5-904C-D7D7B8E48935}.MinSizeRel|Any CPU.ActiveCfg = Debug|Any CPU
		{230F5322-2ECA-49F5-904C-D7D7B8E48935}.MinSizeRel|Any CPU.Build.0 = Debug|Any CPU
		{230F5322-2ECA-49F5-904C-D7D7B8E48935}.MinSizeRel|x64.ActiveCfg = Debug|Any CPU
		{230F5322-2ECA-49F5-904C-D7D7B8E48935}.MinSizeRel|x64.Build.0 = Debug|Any CPU
		{230F5322-2ECA-49F5-904C-D7D7B8E48935}.MinSizeRel|x86.ActiveCfg = Debug|Any CPU
		{230F5322-2ECA-49F5-904C-D7D7B8E48935}.MinSizeRel|x86.Build.0 = Debug|Any CPU
		{230F5322-2ECA-49F5-904C-D7D7B8E48935}.Release|Any CPU.ActiveCfg = Release|Any CPU
		{230F5322-2ECA-49F5-904C-D7D7B8E48935}.Release|Any CPU.Build.0 = Release|Any CPU
		{230F5322-2ECA-49F5-904C-D7D7B8E48935}.Release|x64.ActiveCfg = Release|Any CPU
		{230F5322-2ECA-49F5-904C-D7D7B8E48935}.Release|x64.Build.0 = Release|Any CPU
		{230F5322-2ECA-49F5-904C-D7D7B8E48935}.Release|x86.ActiveCfg = Release|Any CPU
		{230F5322-2ECA-49F5-904C-D7D7B8E48935}.Release|x86.Build.0 = Release|Any CPU
		{230F5322-2ECA-49F5-904C-D7D7B8E48935}.RelWithDebInfo|Any CPU.ActiveCfg = Release|Any CPU
		{230F5322-2ECA-49F5-904C-D7D7B8E48935}.RelWithDebInfo|Any CPU.Build.0 = Release|Any CPU
		{230F5322-2ECA-49F5-904C-D7D7B8E48935}.RelWithDebInfo|x64.ActiveCfg = Release|Any CPU
		{230F5322-2ECA-49F5-904C-D7D7B8E48935}.RelWithDebInfo|x64.Build.0 = Release|Any CPU
		{230F5322-2ECA-49F5-904C-D7D7B8E48935}.RelWithDebInfo|x86.ActiveCfg = Release|Any CPU
		{230F5322-2ECA-49F5-904C-D7D7B8E48935}.RelWithDebInfo|x86.Build.0 = Release|Any CPU
		{609DED32-46DB-42F3-99D8-AE73A64FD92E}.Debug|Any CPU.ActiveCfg = Debug|Any CPU
		{609DED32-46DB-42F3-99D8-AE73A64FD92E}.Debug|Any CPU.Build.0 = Debug|Any CPU
		{609DED32-46DB-42F3-99D8-AE73A64FD92E}.Debug|x64.ActiveCfg = Debug|x64
		{609DED32-46DB-42F3-99D8-AE73A64FD92E}.Debug|x64.Build.0 = Debug|x64
		{609DED32-46DB-42F3-99D8-AE73A64FD92E}.Debug|x86.ActiveCfg = Debug|Any CPU
		{609DED32-46DB-42F3-99D8-AE73A64FD92E}.Debug|x86.Build.0 = Debug|Any CPU
		{609DED32-46DB-42F3-99D8-AE73A64FD92E}.MinSizeRel|Any CPU.ActiveCfg = Debug|Any CPU
		{609DED32-46DB-42F3-99D8-AE73A64FD92E}.MinSizeRel|Any CPU.Build.0 = Debug|Any CPU
		{609DED32-46DB-42F3-99D8-AE73A64FD92E}.MinSizeRel|x64.ActiveCfg = Debug|Any CPU
		{609DED32-46DB-42F3-99D8-AE73A64FD92E}.MinSizeRel|x64.Build.0 = Debug|Any CPU
		{609DED32-46DB-42F3-99D8-AE73A64FD92E}.MinSizeRel|x86.ActiveCfg = Debug|Any CPU
		{609DED32-46DB-42F3-99D8-AE73A64FD92E}.MinSizeRel|x86.Build.0 = Debug|Any CPU
		{609DED32-46DB-42F3-99D8-AE73A64FD92E}.Release|Any CPU.ActiveCfg = Release|Any CPU
		{609DED32-46DB-42F3-99D8-AE73A64FD92E}.Release|Any CPU.Build.0 = Release|Any CPU
		{609DED32-46DB-42F3-99D8-AE73A64FD92E}.Release|x64.ActiveCfg = Release|x64
		{609DED32-46DB-42F3-99D8-AE73A64FD92E}.Release|x64.Build.0 = Release|x64
		{609DED32-46DB-42F3-99D8-AE73A64FD92E}.Release|x86.ActiveCfg = Release|Any CPU
		{609DED32-46DB-42F3-99D8-AE73A64FD92E}.Release|x86.Build.0 = Release|Any CPU
		{609DED32-46DB-42F3-99D8-AE73A64FD92E}.RelWithDebInfo|Any CPU.ActiveCfg = Release|Any CPU
		{609DED32-46DB-42F3-99D8-AE73A64FD92E}.RelWithDebInfo|Any CPU.Build.0 = Release|Any CPU
		{609DED32-46DB-42F3-99D8-AE73A64FD92E}.RelWithDebInfo|x64.ActiveCfg = Release|Any CPU
		{609DED32-46DB-42F3-99D8-AE73A64FD92E}.RelWithDebInfo|x64.Build.0 = Release|Any CPU
		{609DED32-46DB-42F3-99D8-AE73A64FD92E}.RelWithDebInfo|x86.ActiveCfg = Release|Any CPU
		{609DED32-46DB-42F3-99D8-AE73A64FD92E}.RelWithDebInfo|x86.Build.0 = Release|Any CPU
		{9007DD90-82F1-4950-8009-EF413D44917B}.Debug|Any CPU.ActiveCfg = Debug|Any CPU
		{9007DD90-82F1-4950-8009-EF413D44917B}.Debug|Any CPU.Build.0 = Debug|Any CPU
		{9007DD90-82F1-4950-8009-EF413D44917B}.Debug|x64.ActiveCfg = Debug|x64
		{9007DD90-82F1-4950-8009-EF413D44917B}.Debug|x64.Build.0 = Debug|x64
		{9007DD90-82F1-4950-8009-EF413D44917B}.Debug|x86.ActiveCfg = Debug|Any CPU
		{9007DD90-82F1-4950-8009-EF413D44917B}.Debug|x86.Build.0 = Debug|Any CPU
		{9007DD90-82F1-4950-8009-EF413D44917B}.MinSizeRel|Any CPU.ActiveCfg = Debug|Any CPU
		{9007DD90-82F1-4950-8009-EF413D44917B}.MinSizeRel|Any CPU.Build.0 = Debug|Any CPU
		{9007DD90-82F1-4950-8009-EF413D44917B}.MinSizeRel|x64.ActiveCfg = Debug|Any CPU
		{9007DD90-82F1-4950-8009-EF413D44917B}.MinSizeRel|x64.Build.0 = Debug|Any CPU
		{9007DD90-82F1-4950-8009-EF413D44917B}.MinSizeRel|x86.ActiveCfg = Debug|Any CPU
		{9007DD90-82F1-4950-8009-EF413D44917B}.MinSizeRel|x86.Build.0 = Debug|Any CPU
		{9007DD90-82F1-4950-8009-EF413D44917B}.Release|Any CPU.ActiveCfg = Release|Any CPU
		{9007DD90-82F1-4950-8009-EF413D44917B}.Release|Any CPU.Build.0 = Release|Any CPU
		{9007DD90-82F1-4950-8009-EF413D44917B}.Release|x64.ActiveCfg = Release|Any CPU
		{9007DD90-82F1-4950-8009-EF413D44917B}.Release|x64.Build.0 = Release|Any CPU
		{9007DD90-82F1-4950-8009-EF413D44917B}.Release|x86.ActiveCfg = Release|Any CPU
		{9007DD90-82F1-4950-8009-EF413D44917B}.Release|x86.Build.0 = Release|Any CPU
		{9007DD90-82F1-4950-8009-EF413D44917B}.RelWithDebInfo|Any CPU.ActiveCfg = Release|Any CPU
		{9007DD90-82F1-4950-8009-EF413D44917B}.RelWithDebInfo|Any CPU.Build.0 = Release|Any CPU
		{9007DD90-82F1-4950-8009-EF413D44917B}.RelWithDebInfo|x64.ActiveCfg = Release|Any CPU
		{9007DD90-82F1-4950-8009-EF413D44917B}.RelWithDebInfo|x64.Build.0 = Release|Any CPU
		{9007DD90-82F1-4950-8009-EF413D44917B}.RelWithDebInfo|x86.ActiveCfg = Release|Any CPU
		{9007DD90-82F1-4950-8009-EF413D44917B}.RelWithDebInfo|x86.Build.0 = Release|Any CPU
		{27019130-162B-4122-99EA-491A1BFE07AE}.Debug|Any CPU.ActiveCfg = Debug|Any CPU
		{27019130-162B-4122-99EA-491A1BFE07AE}.Debug|Any CPU.Build.0 = Debug|Any CPU
		{27019130-162B-4122-99EA-491A1BFE07AE}.Debug|x64.ActiveCfg = Debug|x64
		{27019130-162B-4122-99EA-491A1BFE07AE}.Debug|x64.Build.0 = Debug|x64
		{27019130-162B-4122-99EA-491A1BFE07AE}.Debug|x86.ActiveCfg = Debug|Any CPU
		{27019130-162B-4122-99EA-491A1BFE07AE}.Debug|x86.Build.0 = Debug|Any CPU
		{27019130-162B-4122-99EA-491A1BFE07AE}.MinSizeRel|Any CPU.ActiveCfg = Debug|Any CPU
		{27019130-162B-4122-99EA-491A1BFE07AE}.MinSizeRel|Any CPU.Build.0 = Debug|Any CPU
		{27019130-162B-4122-99EA-491A1BFE07AE}.MinSizeRel|x64.ActiveCfg = Debug|Any CPU
		{27019130-162B-4122-99EA-491A1BFE07AE}.MinSizeRel|x64.Build.0 = Debug|Any CPU
		{27019130-162B-4122-99EA-491A1BFE07AE}.MinSizeRel|x86.ActiveCfg = Debug|Any CPU
		{27019130-162B-4122-99EA-491A1BFE07AE}.MinSizeRel|x86.Build.0 = Debug|Any CPU
		{27019130-162B-4122-99EA-491A1BFE07AE}.Release|Any CPU.ActiveCfg = Release|Any CPU
		{27019130-162B-4122-99EA-491A1BFE07AE}.Release|Any CPU.Build.0 = Release|Any CPU
		{27019130-162B-4122-99EA-491A1BFE07AE}.Release|x64.ActiveCfg = Release|Any CPU
		{27019130-162B-4122-99EA-491A1BFE07AE}.Release|x64.Build.0 = Release|Any CPU
		{27019130-162B-4122-99EA-491A1BFE07AE}.Release|x86.ActiveCfg = Release|Any CPU
		{27019130-162B-4122-99EA-491A1BFE07AE}.Release|x86.Build.0 = Release|Any CPU
		{27019130-162B-4122-99EA-491A1BFE07AE}.RelWithDebInfo|Any CPU.ActiveCfg = Release|Any CPU
		{27019130-162B-4122-99EA-491A1BFE07AE}.RelWithDebInfo|Any CPU.Build.0 = Release|Any CPU
		{27019130-162B-4122-99EA-491A1BFE07AE}.RelWithDebInfo|x64.ActiveCfg = Release|Any CPU
		{27019130-162B-4122-99EA-491A1BFE07AE}.RelWithDebInfo|x64.Build.0 = Release|Any CPU
		{27019130-162B-4122-99EA-491A1BFE07AE}.RelWithDebInfo|x86.ActiveCfg = Release|Any CPU
		{27019130-162B-4122-99EA-491A1BFE07AE}.RelWithDebInfo|x86.Build.0 = Release|Any CPU
		{47D397E7-098D-4058-9B19-DC01124ED897}.Debug|Any CPU.ActiveCfg = Debug|Any CPU
		{47D397E7-098D-4058-9B19-DC01124ED897}.Debug|Any CPU.Build.0 = Debug|Any CPU
		{47D397E7-098D-4058-9B19-DC01124ED897}.Debug|x64.ActiveCfg = Debug|x64
		{47D397E7-098D-4058-9B19-DC01124ED897}.Debug|x64.Build.0 = Debug|x64
		{47D397E7-098D-4058-9B19-DC01124ED897}.Debug|x86.ActiveCfg = Debug|Any CPU
		{47D397E7-098D-4058-9B19-DC01124ED897}.Debug|x86.Build.0 = Debug|Any CPU
		{47D397E7-098D-4058-9B19-DC01124ED897}.MinSizeRel|Any CPU.ActiveCfg = Debug|Any CPU
		{47D397E7-098D-4058-9B19-DC01124ED897}.MinSizeRel|Any CPU.Build.0 = Debug|Any CPU
		{47D397E7-098D-4058-9B19-DC01124ED897}.MinSizeRel|x64.ActiveCfg = Debug|Any CPU
		{47D397E7-098D-4058-9B19-DC01124ED897}.MinSizeRel|x64.Build.0 = Debug|Any CPU
		{47D397E7-098D-4058-9B19-DC01124ED897}.MinSizeRel|x86.ActiveCfg = Debug|Any CPU
		{47D397E7-098D-4058-9B19-DC01124ED897}.MinSizeRel|x86.Build.0 = Debug|Any CPU
		{47D397E7-098D-4058-9B19-DC01124ED897}.Release|Any CPU.ActiveCfg = Release|Any CPU
		{47D397E7-098D-4058-9B19-DC01124ED897}.Release|Any CPU.Build.0 = Release|Any CPU
		{47D397E7-098D-4058-9B19-DC01124ED897}.Release|x64.ActiveCfg = Release|Any CPU
		{47D397E7-098D-4058-9B19-DC01124ED897}.Release|x64.Build.0 = Release|Any CPU
		{47D397E7-098D-4058-9B19-DC01124ED897}.Release|x86.ActiveCfg = Release|Any CPU
		{47D397E7-098D-4058-9B19-DC01124ED897}.Release|x86.Build.0 = Release|Any CPU
		{47D397E7-098D-4058-9B19-DC01124ED897}.RelWithDebInfo|Any CPU.ActiveCfg = Release|Any CPU
		{47D397E7-098D-4058-9B19-DC01124ED897}.RelWithDebInfo|Any CPU.Build.0 = Release|Any CPU
		{47D397E7-098D-4058-9B19-DC01124ED897}.RelWithDebInfo|x64.ActiveCfg = Release|Any CPU
		{47D397E7-098D-4058-9B19-DC01124ED897}.RelWithDebInfo|x64.Build.0 = Release|Any CPU
		{47D397E7-098D-4058-9B19-DC01124ED897}.RelWithDebInfo|x86.ActiveCfg = Release|Any CPU
		{47D397E7-098D-4058-9B19-DC01124ED897}.RelWithDebInfo|x86.Build.0 = Release|Any CPU
		{E6A58095-9B8B-4830-BFEA-2947C4F2681A}.Debug|Any CPU.ActiveCfg = Debug|x64
		{E6A58095-9B8B-4830-BFEA-2947C4F2681A}.Debug|Any CPU.Build.0 = Debug|x64
		{E6A58095-9B8B-4830-BFEA-2947C4F2681A}.Debug|x64.ActiveCfg = Release|x64
		{E6A58095-9B8B-4830-BFEA-2947C4F2681A}.Debug|x64.Build.0 = Release|x64
		{E6A58095-9B8B-4830-BFEA-2947C4F2681A}.Debug|x86.ActiveCfg = Debug|Win32
		{E6A58095-9B8B-4830-BFEA-2947C4F2681A}.Debug|x86.Build.0 = Debug|Win32
		{E6A58095-9B8B-4830-BFEA-2947C4F2681A}.MinSizeRel|Any CPU.ActiveCfg = Debug|x64
		{E6A58095-9B8B-4830-BFEA-2947C4F2681A}.MinSizeRel|Any CPU.Build.0 = Debug|x64
		{E6A58095-9B8B-4830-BFEA-2947C4F2681A}.MinSizeRel|x64.ActiveCfg = Debug|x64
		{E6A58095-9B8B-4830-BFEA-2947C4F2681A}.MinSizeRel|x64.Build.0 = Debug|x64
		{E6A58095-9B8B-4830-BFEA-2947C4F2681A}.MinSizeRel|x86.ActiveCfg = Debug|Win32
		{E6A58095-9B8B-4830-BFEA-2947C4F2681A}.MinSizeRel|x86.Build.0 = Debug|Win32
		{E6A58095-9B8B-4830-BFEA-2947C4F2681A}.Release|Any CPU.ActiveCfg = Release|x64
		{E6A58095-9B8B-4830-BFEA-2947C4F2681A}.Release|Any CPU.Build.0 = Release|x64
		{E6A58095-9B8B-4830-BFEA-2947C4F2681A}.Release|x64.ActiveCfg = Release|x64
		{E6A58095-9B8B-4830-BFEA-2947C4F2681A}.Release|x64.Build.0 = Release|x64
		{E6A58095-9B8B-4830-BFEA-2947C4F2681A}.Release|x86.ActiveCfg = Release|Win32
		{E6A58095-9B8B-4830-BFEA-2947C4F2681A}.Release|x86.Build.0 = Release|Win32
		{E6A58095-9B8B-4830-BFEA-2947C4F2681A}.RelWithDebInfo|Any CPU.ActiveCfg = Release|x64
		{E6A58095-9B8B-4830-BFEA-2947C4F2681A}.RelWithDebInfo|Any CPU.Build.0 = Release|x64
		{E6A58095-9B8B-4830-BFEA-2947C4F2681A}.RelWithDebInfo|x64.ActiveCfg = Release|x64
		{E6A58095-9B8B-4830-BFEA-2947C4F2681A}.RelWithDebInfo|x64.Build.0 = Release|x64
		{E6A58095-9B8B-4830-BFEA-2947C4F2681A}.RelWithDebInfo|x86.ActiveCfg = Release|Win32
		{E6A58095-9B8B-4830-BFEA-2947C4F2681A}.RelWithDebInfo|x86.Build.0 = Release|Win32
	EndGlobalSection
	GlobalSection(SolutionProperties) = preSolution
		HideSolutionNode = FALSE
	EndGlobalSection
	GlobalSection(ExtensibilityGlobals) = postSolution
		SolutionGuid = {BBB4F831-939D-4106-9DEC-1108E2436B46}
	EndGlobalSection
EndGlobal
