<?xml version="1.0" encoding="utf-8"?>
<Project ToolsVersion="4.0" xmlns="http://schemas.microsoft.com/developer/msbuild/2003">
  <ItemGroup>
    <ClInclude Include="Passes\ControlledNodeSplittingPass.h">
      <Filter>Passes</Filter>
    </ClInclude>
    <ClInclude Include="Symex\ICpuEmulatorState.h">
      <Filter>Symex</Filter>
    </ClInclude>
    <ClInclude Include="Symex\LLVMSymbolicExecutor.h">
      <Filter>Symex</Filter>
    </ClInclude>
    <ClInclude Include="Passes\ClassifyingAliasAnalysisPass.h">
      <Filter>Passes</Filter>
    </ClInclude>
    <ClInclude Include="Arch\X86\X86Registers.h">
      <Filter>Arch\X86</Filter>
    </ClInclude>
    <ClInclude Include="Passes\ConstantConcretizationPass.h">
      <Filter>Passes</Filter>
    </ClInclude>
    <ClInclude Include="Passes\PassUtilities.h">
      <Filter>Passes</Filter>
    </ClInclude>
    <ClInclude Include="Passes\compilercore_assert.h">
      <Filter>Passes</Filter>
    </ClInclude>
    <ClInclude Include="Passes\generator_jit_ast_compute.h">
      <Filter>Passes</Filter>
    </ClInclude>
    <ClInclude Include="Passes\generator_jit_sl_function.h">
      <Filter>Passes</Filter>
    </ClInclude>
    <ClInclude Include="Passes\mdl_assert.h">
      <Filter>Passes</Filter>
    </ClInclude>
    <ClInclude Include="Utilities\magic_enum.hpp">
      <Filter>Utilities</Filter>
    </ClInclude>
    <ClInclude Include="Utilities\magic_enum_containers.hpp">
      <Filter>Utilities</Filter>
    </ClInclude>
    <ClInclude Include="Utilities\magic_enum_format.hpp">
      <Filter>Utilities</Filter>
    </ClInclude>
    <ClInclude Include="Utilities\magic_enum_fuse.hpp">
      <Filter>Utilities</Filter>
    </ClInclude>
    <ClInclude Include="Utilities\magic_enum_switch.hpp">
      <Filter>Utilities</Filter>
    </ClInclude>
    <ClInclude Include="API\ExportedAPI.h">
      <Filter>API</Filter>
    </ClInclude>
    <ClInclude Include="API\RegionAPI\BaseRegionAPI.h">
      <Filter>API\RegionAPI</Filter>
    </ClInclude>
    <ClInclude Include="API\RegionAPI\ComplexRegionAPI.h">
      <Filter>API\RegionAPI</Filter>
    </ClInclude>
    <ClInclude Include="API\RegionAPI\IfThenElseRegionAPI.h">
      <Filter>API\RegionAPI</Filter>
    </ClInclude>
    <ClInclude Include="API\RegionAPI\IfThenRegionAPI.h">
      <Filter>API\RegionAPI</Filter>
    </ClInclude>
    <ClInclude Include="API\RegionAPI\ReturnRegionAPI.h">
      <Filter>API\RegionAPI</Filter>
    </ClInclude>
    <ClInclude Include="API\OptimizationAPI\OptimizationAPI.h">
      <Filter>API\OptimizationAPI</Filter>
    </ClInclude>
    <ClInclude Include="API\ExportDef.h">
      <Filter>API</Filter>
    </ClInclude>
    <ClInclude Include="API\RegionAPI\RegionAPI.h">
      <Filter>API\RegionAPI</Filter>
    </ClInclude>
    <ClInclude Include="Pipeline\Pipeline.h">
      <Filter>Pipeline</Filter>
    </ClInclude>
    <ClInclude Include="Passes\ControlFlowStructuringPass.h">
      <Filter>Passes</Filter>
    </ClInclude>
    <ClInclude Include="API\LLVM\IR\LegacyPassManager.h">
      <Filter>API\LLVM\IR</Filter>
    </ClInclude>
    <ClInclude Include="API\LLVM\Transforms\IPO\PassManagerBuilder.h">
      <Filter>API\LLVM\Transforms\IPO</Filter>
    </ClInclude>
    <ClInclude Include="API\LLVM\Transforms\Scalar.h">
      <Filter>API\LLVM\Transforms</Filter>
    </ClInclude>
    <ClInclude Include="API\LLVM\Pass.h">
      <Filter>API\LLVM</Filter>
    </ClInclude>
  </ItemGroup>
  <ItemGroup>
    <ClCompile Include="dllmain.cpp" />
    <ClCompile Include="Passes\ControlledNodeSplittingPass.cpp">
      <Filter>Passes</Filter>
    </ClCompile>
    <ClCompile Include="Symex\LLVMSymbolicExecutor.cpp">
      <Filter>Symex</Filter>
    </ClCompile>
    <ClCompile Include="Passes\ClassifyingAliasAnalysisPass.cpp">
      <Filter>Passes</Filter>
    </ClCompile>
    <ClCompile Include="Passes\ConstantConcretizationPass.cpp">
      <Filter>Passes</Filter>
    </ClCompile>
    <ClCompile Include="Passes\compilercore_assert.cpp">
      <Filter>Passes</Filter>
    </ClCompile>
    <ClCompile Include="Passes\generator_jit_ast_compute.cpp">
      <Filter>Passes</Filter>
    </ClCompile>
  </ItemGroup>
  <ItemGroup>
    <Filter Include="Passes">
      <UniqueIdentifier>{2aee77a2-525d-4f67-b255-9daecc2522a0}</UniqueIdentifier>
    </Filter>
    <Filter Include="API">
      <UniqueIdentifier>{ce61e1b2-6444-4d20-b2ac-8d89cdc72726}</UniqueIdentifier>
    </Filter>
    <Filter Include="Symex">
      <UniqueIdentifier>{825034fb-6466-4cb8-87df-bdf51b1d497e}</UniqueIdentifier>
    </Filter>
    <Filter Include="Arch">
      <UniqueIdentifier>{878f1eec-e2ff-48bd-879f-d7e629bce6e0}</UniqueIdentifier>
    </Filter>
    <Filter Include="Arch\X86">
      <UniqueIdentifier>{09c71ae9-f396-44b3-ad96-cc53ada21c2d}</UniqueIdentifier>
    </Filter>
    <Filter Include="Utilities">
      <UniqueIdentifier>{dc5b4ba6-84b8-49f6-b289-87600b5945b1}</UniqueIdentifier>
    </Filter>
    <Filter Include="API\RegionAPI">
      <UniqueIdentifier>{06c71f36-bfee-4518-822e-152c6ef0275b}</UniqueIdentifier>
    </Filter>
    <Filter Include="API\OptimizationAPI">
      <UniqueIdentifier>{a9052d1b-7687-4796-96e4-3b6df6841c81}</UniqueIdentifier>
    </Filter>
    <Filter Include="Pipeline">
      <UniqueIdentifier>{1e02910f-66d7-4740-8d98-568ef22a7b5b}</UniqueIdentifier>
    </Filter>
    <Filter Include="API\LLVM">
      <UniqueIdentifier>{d253739e-87c9-42d0-b9f6-43fe9e55b152}</UniqueIdentifier>
    </Filter>
    <Filter Include="API\LLVM\IR">
      <UniqueIdentifier>{59a0d3ce-0239-4da0-9fe8-326184cdeecd}</UniqueIdentifier>
    </Filter>
    <Filter Include="API\LLVM\Transforms">
      <UniqueIdentifier>{49bf51e1-b758-418f-b337-3393d816465d}</UniqueIdentifier>
    </Filter>
    <Filter Include="API\LLVM\Transforms\IPO">
      <UniqueIdentifier>{a65f73ae-1f62-49c1-8aee-c365258964a8}</UniqueIdentifier>
    </Filter>
  </ItemGroup>
  <ItemGroup>
    <None Include="..\llvm-15.0.3-win64\bin\LLVM-C.dll" />
  </ItemGroup>
</Project>